
Microsoft Visual Studio Solution File, Format Version 12.00
# Visual Studio Version 17
VisualStudioVersion = 17.7.34024.191
MinimumVisualStudioVersion = 10.0.40219.1
Project("{FAE04EC0-301F-11D3-BF4B-00C04F79EFBC}") = "PAsswordGenerator", "PAsswordGenerator.csproj", "{BAB9438A-F120-4DC3-BE81-884502A9B048}"
EndProject
Global
	GlobalSection(SolutionConfigurationPlatforms) = preSolution
		Debug|Any CPU = Debug|Any CPU
		Release|Any CPU = Release|Any CPU
	EndGlobalSection
	GlobalSection(ProjectConfigurationPlatforms) = postSolution
		{BAB9438A-F120-4DC3-BE81-884502A9B048}.Debug|Any CPU.ActiveCfg = Debug|Any CPU
		{BAB9438A-F120-4DC3-BE81-884502A9B048}.Debug|Any CPU.Build.0 = Debug|Any CPU
		{BAB9438A-F120-4DC3-BE81-884502A9B048}.Release|Any CPU.ActiveCfg = Release|Any CPU
		{BAB9438A-F120-4DC3-BE81-884502A9B048}.Release|Any CPU.Build.0 = Release|Any CPU
	EndGlobalSection
	GlobalSection(SolutionProperties) = preSolution
		HideSolutionNode = FALSE
	EndGlobalSection
	GlobalSection(ExtensibilityGlobals) = postSolution
		SolutionGuid = {F7E3DAD4-7C54-4516-B11A-9EC6EF966AA6}
	EndGlobalSection
EndGlobal
